[{<<"ddb_client">>,
  {git,"https://github.com/dalmatinerdb/ddb_client.git",
       {ref,"06205232ddf3ad20e00c2556d1e433b7ad75bf54"}},
  0},
 {<<"dproto">>,{pkg,<<"dproto">>,<<"0.1.20">>},1},
 {<<"mmath">>,{pkg,<<"mmath">>,<<"0.2.7">>},1},
 {<<"poolboy">>,{pkg,<<"poolboy">>,<<"1.5.1">>},0},
 {<<"snappy">>,{pkg,<<"snappy">>,<<"1.1.1">>},1}].
